# THIS IS AN AUTOGENERATED FILE. DO NOT EDIT THIS FILE DIRECTLY.
# yarn lockfile v1


monaco-editor@0.21.2:
  version "0.21.2"
  resolved "https://registry.yarnpkg.com/monaco-editor/-/monaco-editor-0.21.2.tgz#37054e63e480d51a2dd17d609dcfb192304d5605"
  integrity sha512-jS51RLuzMaoJpYbu7F6TPuWpnWTLD4kjRW0+AZzcryvbxrTwhNy1KC9yboyKpgMTahpUbDUsuQULoo0GV1EPqg==
